// !$*UTF8*$!
{
	archiveVersion = 1;
	classes = {
	};
	objectVersion = 55;
	objects = {

/* Begin PBXBuildFile section */
		E58F2504298E02A2002ED81E /* AppDelegate.swift in Sources */ = {isa = PBXBuildFile; fileRef = E58F2503298E02A2002ED81E /* AppDelegate.swift */; };
		E58F2506298E02A2002ED81E /* SceneDelegate.swift in Sources */ = {isa = PBXBuildFile; fileRef = E58F2505298E02A2002ED81E /* SceneDelegate.swift */; };
		E58F2508298E02A2002ED81E /* MoviesListViewController.swift in Sources */ = {isa = PBXBuildFile; fileRef = E58F2507298E02A2002ED81E /* MoviesListViewController.swift */; };
		E58F250D298E02A3002ED81E /* Assets.xcassets in Resources */ = {isa = PBXBuildFile; fileRef = E58F250C298E02A3002ED81E /* Assets.xcassets */; };
		E58F251E298F4469002ED81E /* MoviesListView.swift in Sources */ = {isa = PBXBuildFile; fileRef = E58F251D298F4469002ED81E /* MoviesListView.swift */; };
		E58F2521298F44EB002ED81E /* CustomView.swift in Sources */ = {isa = PBXBuildFile; fileRef = E58F2520298F44EB002ED81E /* CustomView.swift */; };
		E58F2523298F457A002ED81E /* BaseView.swift in Sources */ = {isa = PBXBuildFile; fileRef = E58F2522298F457A002ED81E /* BaseView.swift */; };
		E58F2527299079AE002ED81E /* MoviesListModels.swift in Sources */ = {isa = PBXBuildFile; fileRef = E58F2526299079AE002ED81E /* MoviesListModels.swift */; };
		E58F252929907C8E002ED81E /* MovieModel.swift in Sources */ = {isa = PBXBuildFile; fileRef = E58F252829907C8E002ED81E /* MovieModel.swift */; };
		E58F252C2992C066002ED81E /* MoviesListCell.swift in Sources */ = {isa = PBXBuildFile; fileRef = E58F252B2992C066002ED81E /* MoviesListCell.swift */; };
		E58F252F299349C1002ED81E /* SDWebImage in Frameworks */ = {isa = PBXBuildFile; productRef = E58F252E299349C1002ED81E /* SDWebImage */; };
/* End PBXBuildFile section */

/* Begin PBXFileReference section */
		E58F2500298E02A2002ED81E /* MovieApp.app */ = {isa = PBXFileReference; explicitFileType = wrapper.application; includeInIndex = 0; path = MovieApp.app; sourceTree = BUILT_PRODUCTS_DIR; };
		E58F2503298E02A2002ED81E /* AppDelegate.swift */ = {isa = PBXFileReference; lastKnownFileType = sourcecode.swift; path = AppDelegate.swift; sourceTree = "<group>"; };
		E58F2505298E02A2002ED81E /* SceneDelegate.swift */ = {isa = PBXFileReference; lastKnownFileType = sourcecode.swift; path = SceneDelegate.swift; sourceTree = "<group>"; };
		E58F2507298E02A2002ED81E /* MoviesListViewController.swift */ = {isa = PBXFileReference; lastKnownFileType = sourcecode.swift; path = MoviesListViewController.swift; sourceTree = "<group>"; };
		E58F250C298E02A3002ED81E /* Assets.xcassets */ = {isa = PBXFileReference; lastKnownFileType = folder.assetcatalog; path = Assets.xcassets; sourceTree = "<group>"; };
		E58F2511298E02A3002ED81E /* Info.plist */ = {isa = PBXFileReference; lastKnownFileType = text.plist.xml; path = Info.plist; sourceTree = "<group>"; };
		E58F251D298F4469002ED81E /* MoviesListView.swift */ = {isa = PBXFileReference; lastKnownFileType = sourcecode.swift; path = MoviesListView.swift; sourceTree = "<group>"; };
		E58F2520298F44EB002ED81E /* CustomView.swift */ = {isa = PBXFileReference; lastKnownFileType = sourcecode.swift; path = CustomView.swift; sourceTree = "<group>"; };
		E58F2522298F457A002ED81E /* BaseView.swift */ = {isa = PBXFileReference; lastKnownFileType = sourcecode.swift; path = BaseView.swift; sourceTree = "<group>"; };
		E58F2526299079AE002ED81E /* MoviesListModels.swift */ = {isa = PBXFileReference; lastKnownFileType = sourcecode.swift; path = MoviesListModels.swift; sourceTree = "<group>"; };
		E58F252829907C8E002ED81E /* MovieModel.swift */ = {isa = PBXFileReference; lastKnownFileType = sourcecode.swift; path = MovieModel.swift; sourceTree = "<group>"; };
		E58F252B2992C066002ED81E /* MoviesListCell.swift */ = {isa = PBXFileReference; lastKnownFileType = sourcecode.swift; path = MoviesListCell.swift; sourceTree = "<group>"; };
/* End PBXFileReference section */

/* Begin PBXFrameworksBuildPhase section */
		E58F24FD298E02A2002ED81E /* Frameworks */ = {
			isa = PBXFrameworksBuildPhase;
			buildActionMask = 2147483647;
			files = (
				E58F252F299349C1002ED81E /* SDWebImage in Frameworks */,
			);
			runOnlyForDeploymentPostprocessing = 0;
		};
/* End PBXFrameworksBuildPhase section */

/* Begin PBXGroup section */
		E58F24F7298E02A2002ED81E = {
			isa = PBXGroup;
			children = (
				E58F2502298E02A2002ED81E /* MovieApp */,
				E58F2501298E02A2002ED81E /* Products */,
			);
			sourceTree = "<group>";
		};
		E58F2501298E02A2002ED81E /* Products */ = {
			isa = PBXGroup;
			children = (
				E58F2500298E02A2002ED81E /* MovieApp.app */,
			);
			name = Products;
			sourceTree = "<group>";
		};
		E58F2502298E02A2002ED81E /* MovieApp */ = {
			isa = PBXGroup;
			children = (
				E58F252429907980002ED81E /* Models */,
				E58F251F298F4495002ED81E /* Commons */,
				E58F251B298F43D2002ED81E /* Scenes */,
				E58F251A298F43C4002ED81E /* Resources */,
				E58F2518298F427E002ED81E /* SupportFiles */,
				E58F2519298F4338002ED81E /* Delegates */,
			);
			path = MovieApp;
			sourceTree = "<group>";
		};
		E58F2518298F427E002ED81E /* SupportFiles */ = {
			isa = PBXGroup;
			children = (
				E58F2511298E02A3002ED81E /* Info.plist */,
			);
			name = SupportFiles;
			sourceTree = "<group>";
		};
		E58F2519298F4338002ED81E /* Delegates */ = {
			isa = PBXGroup;
			children = (
				E58F2503298E02A2002ED81E /* AppDelegate.swift */,
				E58F2505298E02A2002ED81E /* SceneDelegate.swift */,
			);
			name = Delegates;
			sourceTree = "<group>";
		};
		E58F251A298F43C4002ED81E /* Resources */ = {
			isa = PBXGroup;
			children = (
				E58F250C298E02A3002ED81E /* Assets.xcassets */,
			);
			path = Resources;
			sourceTree = "<group>";
		};
		E58F251B298F43D2002ED81E /* Scenes */ = {
			isa = PBXGroup;
			children = (
				E58F251C298F43F2002ED81E /* MoviesList */,
			);
			path = Scenes;
			sourceTree = "<group>";
		};
		E58F251C298F43F2002ED81E /* MoviesList */ = {
			isa = PBXGroup;
			children = (
				E58F252A2992C042002ED81E /* Cells */,
				E58F2507298E02A2002ED81E /* MoviesListViewController.swift */,
				E58F251D298F4469002ED81E /* MoviesListView.swift */,
				E58F2526299079AE002ED81E /* MoviesListModels.swift */,
			);
			path = MoviesList;
			sourceTree = "<group>";
		};
		E58F251F298F4495002ED81E /* Commons */ = {
			isa = PBXGroup;
			children = (
				E58F2520298F44EB002ED81E /* CustomView.swift */,
				E58F2522298F457A002ED81E /* BaseView.swift */,
			);
			name = Commons;
			sourceTree = "<group>";
		};
		E58F252429907980002ED81E /* Models */ = {
			isa = PBXGroup;
			children = (
				E58F252829907C8E002ED81E /* MovieModel.swift */,
			);
			name = Models;
			sourceTree = "<group>";
		};
		E58F252A2992C042002ED81E /* Cells */ = {
			isa = PBXGroup;
			children = (
				E58F252B2992C066002ED81E /* MoviesListCell.swift */,
			);
			path = Cells;
			sourceTree = "<group>";
		};
/* End PBXGroup section */

/* Begin PBXNativeTarget section */
		E58F24FF298E02A2002ED81E /* MovieApp */ = {
			isa = PBXNativeTarget;
			buildConfigurationList = E58F2514298E02A3002ED81E /* Build configuration list for PBXNativeTarget "MovieApp" */;
			buildPhases = (
				E58F24FC298E02A2002ED81E /* Sources */,
				E58F24FD298E02A2002ED81E /* Frameworks */,
				E58F24FE298E02A2002ED81E /* Resources */,
			);
			buildRules = (
			);
			dependencies = (
			);
			name = MovieApp;
			packageProductDependencies = (
				E58F252E299349C1002ED81E /* SDWebImage */,
			);
			productName = MovieApp;
			productReference = E58F2500298E02A2002ED81E /* MovieApp.app */;
			productType = "com.apple.product-type.application";
		};
/* End PBXNativeTarget section */

/* Begin PBXProject section */
		E58F24F8298E02A2002ED81E /* Project object */ = {
			isa = PBXProject;
			attributes = {
				BuildIndependentTargetsInParallel = 1;
				LastSwiftUpdateCheck = 1340;
				LastUpgradeCheck = 1340;
				TargetAttributes = {
					E58F24FF298E02A2002ED81E = {
						CreatedOnToolsVersion = 13.4.1;
					};
				};
			};
			buildConfigurationList = E58F24FB298E02A2002ED81E /* Build configuration list for PBXProject "MovieApp" */;
			compatibilityVersion = "Xcode 13.0";
			developmentRegion = en;
			hasScannedForEncodings = 0;
			knownRegions = (
				en,
				Base,
			);
			mainGroup = E58F24F7298E02A2002ED81E;
			packageReferences = (
				E58F252D299349C1002ED81E /* XCRemoteSwiftPackageReference "SDWebImage" */,
			);
			productRefGroup = E58F2501298E02A2002ED81E /* Products */;
			projectDirPath = "";
			projectRoot = "";
			targets = (
				E58F24FF298E02A2002ED81E /* MovieApp */,
			);
		};
/* End PBXProject section */

/* Begin PBXResourcesBuildPhase section */
		E58F24FE298E02A2002ED81E /* Resources */ = {
			isa = PBXResourcesBuildPhase;
			buildActionMask = 2147483647;
			files = (
				E58F250D298E02A3002ED81E /* Assets.xcassets in Resources */,
			);
			runOnlyForDeploymentPostprocessing = 0;
		};
/* End PBXResourcesBuildPhase section */

/* Begin PBXSourcesBuildPhase section */
		E58F24FC298E02A2002ED81E /* Sources */ = {
			isa = PBXSourcesBuildPhase;
			buildActionMask = 2147483647;
			files = (
				E58F2508298E02A2002ED81E /* MoviesListViewController.swift in Sources */,
				E58F2504298E02A2002ED81E /* AppDelegate.swift in Sources */,
				E58F2527299079AE002ED81E /* MoviesListModels.swift in Sources */,
				E58F2506298E02A2002ED81E /* SceneDelegate.swift in Sources */,
				E58F252C2992C066002ED81E /* MoviesListCell.swift in Sources */,
				E58F252929907C8E002ED81E /* MovieModel.swift in Sources */,
				E58F2523298F457A002ED81E /* BaseView.swift in Sources */,
				E58F2521298F44EB002ED81E /* CustomView.swift in Sources */,
				E58F251E298F4469002ED81E /* MoviesListView.swift in Sources */,
			);
			runOnlyForDeploymentPostprocessing = 0;
		};
/* End PBXSourcesBuildPhase section */

/* Begin XCBuildConfiguration section */
		E58F2512298E02A3002ED81E /* Debug */ = {
			isa = XCBuildConfiguration;
			buildSettings = {
				ALWAYS_SEARCH_USER_PATHS = NO;
				CLANG_ANALYZER_NONNULL = YES;
				CLANG_ANALYZER_NUMBER_OBJECT_CONVERSION = YES_AGGRESSIVE;
				CLANG_CXX_LANGUAGE_STANDARD = "gnu++17";
				CLANG_ENABLE_MODULES = YES;
				CLANG_ENABLE_OBJC_ARC = YES;
				CLANG_ENABLE_OBJC_WEAK = YES;
				CLANG_WARN_BLOCK_CAPTURE_AUTORELEASING = YES;
				CLANG_WARN_BOOL_CONVERSION = YES;
				CLANG_WARN_COMMA = YES;
				CLANG_WARN_CONSTANT_CONVERSION = YES;
				CLANG_WARN_DEPRECATED_OBJC_IMPLEMENTATIONS = YES;
				CLANG_WARN_DIRECT_OBJC_ISA_USAGE = YES_ERROR;
				CLANG_WARN_DOCUMENTATION_COMMENTS = YES;
				CLANG_WARN_EMPTY_BODY = YES;
				CLANG_WARN_ENUM_CONVERSION = YES;
				CLANG_WARN_INFINITE_RECURSION = YES;
				CLANG_WARN_INT_CONVERSION = YES;
				CLANG_WARN_NON_LITERAL_NULL_CONVERSION = YES;
				CLANG_WARN_OBJC_IMPLICIT_RETAIN_SELF = YES;
				CLANG_WARN_OBJC_LITERAL_CONVERSION = YES;
				CLANG_WARN_OBJC_ROOT_CLASS = YES_ERROR;
				CLANG_WARN_QUOTED_INCLUDE_IN_FRAMEWORK_HEADER = YES;
				CLANG_WARN_RANGE_LOOP_ANALYSIS = YES;
				CLANG_WARN_STRICT_PROTOTYPES = YES;
				CLANG_WARN_SUSPICIOUS_MOVE = YES;
				CLANG_WARN_UNGUARDED_AVAILABILITY = YES_AGGRESSIVE;
				CLANG_WARN_UNREACHABLE_CODE = YES;
				CLANG_WARN__DUPLICATE_METHOD_MATCH = YES;
				COPY_PHASE_STRIP = NO;
				DEBUG_INFORMATION_FORMAT = dwarf;
				ENABLE_STRICT_OBJC_MSGSEND = YES;
				ENABLE_TESTABILITY = YES;
				GCC_C_LANGUAGE_STANDARD = gnu11;
				GCC_DYNAMIC_NO_PIC = NO;
				GCC_NO_COMMON_BLOCKS = YES;
				GCC_OPTIMIZATION_LEVEL = 0;
				GCC_PREPROCESSOR_DEFINITIONS = (
					"DEBUG=1",
					"$(inherited)",
				);
				GCC_WARN_64_TO_32_BIT_CONVERSION = YES;
				GCC_WARN_ABOUT_RETURN_TYPE = YES_ERROR;
				GCC_WARN_UNDECLARED_SELECTOR = YES;
				GCC_WARN_UNINITIALIZED_AUTOS = YES_AGGRESSIVE;
				GCC_WARN_UNUSED_FUNCTION = YES;
				GCC_WARN_UNUSED_VARIABLE = YES;
				IPHONEOS_DEPLOYMENT_TARGET = 15.5;
				MTL_ENABLE_DEBUG_INFO = INCLUDE_SOURCE;
				MTL_FAST_MATH = YES;
				ONLY_ACTIVE_ARCH = YES;
				SDKROOT = iphoneos;
				SWIFT_ACTIVE_COMPILATION_CONDITIONS = DEBUG;
				SWIFT_OPTIMIZATION_LEVEL = "-Onone";
			};
			name = Debug;
		};
		E58F2513298E02A3002ED81E /* Release */ = {
			isa = XCBuildConfiguration;
			buildSettings = {
				ALWAYS_SEARCH_USER_PATHS = NO;
				CLANG_ANALYZER_NONNULL = YES;
				CLANG_ANALYZER_NUMBER_OBJECT_CONVERSION = YES_AGGRESSIVE;
				CLANG_CXX_LANGUAGE_STANDARD = "gnu++17";
				CLANG_ENABLE_MODULES = YES;
				CLANG_ENABLE_OBJC_ARC = YES;
				CLANG_ENABLE_OBJC_WEAK = YES;
				CLANG_WARN_BLOCK_CAPTURE_AUTORELEASING = YES;
				CLANG_WARN_BOOL_CONVERSION = YES;
				CLANG_WARN_COMMA = YES;
				CLANG_WARN_CONSTANT_CONVERSION = YES;
				CLANG_WARN_DEPRECATED_OBJC_IMPLEMENTATIONS = YES;
				CLANG_WARN_DIRECT_OBJC_ISA_USAGE = YES_ERROR;
				CLANG_WARN_DOCUMENTATION_COMMENTS = YES;
				CLANG_WARN_EMPTY_BODY = YES;
				CLANG_WARN_ENUM_CONVERSION = YES;
				CLANG_WARN_INFINITE_RECURSION = YES;
				CLANG_WARN_INT_CONVERSION = YES;
				CLANG_WARN_NON_LITERAL_NULL_CONVERSION = YES;
				CLANG_WARN_OBJC_IMPLICIT_RETAIN_SELF = YES;
				CLANG_WARN_OBJC_LITERAL_CONVERSION = YES;
				CLANG_WARN_OBJC_ROOT_CLASS = YES_ERROR;
				CLANG_WARN_QUOTED_INCLUDE_IN_FRAMEWORK_HEADER = YES;
				CLANG_WARN_RANGE_LOOP_ANALYSIS = YES;
				CLANG_WARN_STRICT_PROTOTYPES = YES;
				CLANG_WARN_SUSPICIOUS_MOVE = YES;
				CLANG_WARN_UNGUARDED_AVAILABILITY = YES_AGGRESSIVE;
				CLANG_WARN_UNREACHABLE_CODE = YES;
				CLANG_WARN__DUPLICATE_METHOD_MATCH = YES;
				COPY_PHASE_STRIP = NO;
				DEBUG_INFORMATION_FORMAT = "dwarf-with-dsym";
				ENABLE_NS_ASSERTIONS = NO;
				ENABLE_STRICT_OBJC_MSGSEND = YES;
				GCC_C_LANGUAGE_STANDARD = gnu11;
				GCC_NO_COMMON_BLOCKS = YES;
				GCC_WARN_64_TO_32_BIT_CONVERSION = YES;
				GCC_WARN_ABOUT_RETURN_TYPE = YES_ERROR;
				GCC_WARN_UNDECLARED_SELECTOR = YES;
				GCC_WARN_UNINITIALIZED_AUTOS = YES_AGGRESSIVE;
				GCC_WARN_UNUSED_FUNCTION = YES;
				GCC_WARN_UNUSED_VARIABLE = YES;
				IPHONEOS_DEPLOYMENT_TARGET = 15.5;
				MTL_ENABLE_DEBUG_INFO = NO;
				MTL_FAST_MATH = YES;
				SDKROOT = iphoneos;
				SWIFT_COMPILATION_MODE = wholemodule;
				SWIFT_OPTIMIZATION_LEVEL = "-O";
				VALIDATE_PRODUCT = YES;
			};
			name = Release;
		};
		E58F2515298E02A3002ED81E /* Debug */ = {
			isa = XCBuildConfiguration;
			buildSettings = {
				ASSETCATALOG_COMPILER_APPICON_NAME = AppIcon;
				ASSETCATALOG_COMPILER_GLOBAL_ACCENT_COLOR_NAME = AccentColor;
				CODE_SIGN_STYLE = Automatic;
				CURRENT_PROJECT_VERSION = 1;
				DEVELOPMENT_TEAM = W647QPZYZR;
				GENERATE_INFOPLIST_FILE = YES;
				INFOPLIST_FILE = MovieApp/Info.plist;
				INFOPLIST_KEY_UIApplicationSupportsIndirectInputEvents = YES;
				INFOPLIST_KEY_UILaunchStoryboardName = LaunchScreen;
				INFOPLIST_KEY_UISupportedInterfaceOrientations_iPad = "UIInterfaceOrientationPortrait UIInterfaceOrientationPortraitUpsideDown UIInterfaceOrientationLandscapeLeft UIInterfaceOrientationLandscapeRight";
				INFOPLIST_KEY_UISupportedInterfaceOrientations_iPhone = "UIInterfaceOrientationPortrait UIInterfaceOrientationLandscapeLeft UIInterfaceOrientationLandscapeRight";
				LD_RUNPATH_SEARCH_PATHS = (
					"$(inherited)",
					"@executable_path/Frameworks",
				);
				MARKETING_VERSION = 1.0;
				PRODUCT_BUNDLE_IDENTIFIER = com.student.MovieApp;
				PRODUCT_NAME = "$(TARGET_NAME)";
				SWIFT_EMIT_LOC_STRINGS = YES;
				SWIFT_VERSION = 5.0;
				TARGETED_DEVICE_FAMILY = "1,2";
			};
			name = Debug;
		};
		E58F2516298E02A3002ED81E /* Release */ = {
			isa = XCBuildConfiguration;
			buildSettings = {
				ASSETCATALOG_COMPILER_APPICON_NAME = AppIcon;
				ASSETCATALOG_COMPILER_GLOBAL_ACCENT_COLOR_NAME = AccentColor;
				CODE_SIGN_STYLE = Automatic;
				CURRENT_PROJECT_VERSION = 1;
				DEVELOPMENT_TEAM = W647QPZYZR;
				GENERATE_INFOPLIST_FILE = YES;
				INFOPLIST_FILE = MovieApp/Info.plist;
				INFOPLIST_KEY_UIApplicationSupportsIndirectInputEvents = YES;
				INFOPLIST_KEY_UILaunchStoryboardName = LaunchScreen;
				INFOPLIST_KEY_UISupportedInterfaceOrientations_iPad = "UIInterfaceOrientationPortrait UIInterfaceOrientationPortraitUpsideDown UIInterfaceOrientationLandscapeLeft UIInterfaceOrientationLandscapeRight";
				INFOPLIST_KEY_UISupportedInterfaceOrientations_iPhone = "UIInterfaceOrientationPortrait UIInterfaceOrientationLandscapeLeft UIInterfaceOrientationLandscapeRight";
				LD_RUNPATH_SEARCH_PATHS = (
					"$(inherited)",
					"@executable_path/Frameworks",
				);
				MARKETING_VERSION = 1.0;
				PRODUCT_BUNDLE_IDENTIFIER = com.student.MovieApp;
				PRODUCT_NAME = "$(TARGET_NAME)";
				SWIFT_EMIT_LOC_STRINGS = YES;
				SWIFT_VERSION = 5.0;
				TARGETED_DEVICE_FAMILY = "1,2";
			};
			name = Release;
		};
/* End XCBuildConfiguration section */

/* Begin XCConfigurationList section */
		E58F24FB298E02A2002ED81E /* Build configuration list for PBXProject "MovieApp" */ = {
			isa = XCConfigurationList;
			buildConfigurations = (
				E58F2512298E02A3002ED81E /* Debug */,
				E58F2513298E02A3002ED81E /* Release */,
			);
			defaultConfigurationIsVisible = 0;
			defaultConfigurationName = Release;
		};
		E58F2514298E02A3002ED81E /* Build configuration list for PBXNativeTarget "MovieApp" */ = {
			isa = XCConfigurationList;
			buildConfigurations = (
				E58F2515298E02A3002ED81E /* Debug */,
				E58F2516298E02A3002ED81E /* Release */,
			);
			defaultConfigurationIsVisible = 0;
			defaultConfigurationName = Release;
		};
/* End XCConfigurationList section */

/* Begin XCRemoteSwiftPackageReference section */
		E58F252D299349C1002ED81E /* XCRemoteSwiftPackageReference "SDWebImage" */ = {
			isa = XCRemoteSwiftPackageReference;
			repositoryURL = "https://github.com/SDWebImage/SDWebImage.git";
			requirement = {
				kind = upToNextMajorVersion;
				minimumVersion = 5.0.0;
			};
		};
/* End XCRemoteSwiftPackageReference section */

/* Begin XCSwiftPackageProductDependency section */
		E58F252E299349C1002ED81E /* SDWebImage */ = {
			isa = XCSwiftPackageProductDependency;
			package = E58F252D299349C1002ED81E /* XCRemoteSwiftPackageReference "SDWebImage" */;
			productName = SDWebImage;
		};
/* End XCSwiftPackageProductDependency section */
	};
	rootObject = E58F24F8298E02A2002ED81E /* Project object */;
}
